
Microsoft Visual Studio Solution File, Format Version 12.00
# Visual Studio 2012
Project("{FAE04EC0-301F-11D3-BF4B-00C04F79EFBC}") = "ImageTagging", "ImageTagging\ImageTagging.csproj", "{454716FC-7BDD-4EBC-8CEC-F9900FB5D69D}"
EndProject
Project("{FAE04EC0-301F-11D3-BF4B-00C04F79EFBC}") = "ImageTaggingUnitTest", "ImageTaggingUnitTest\ImageTaggingUnitTest.csproj", "{A4C5E594-7678-45ED-87BB-F7E37BDAA00E}"
EndProject
Global
	GlobalSection(SolutionConfigurationPlatforms) = preSolution
		Debug|Any CPU = Debug|Any CPU
		Debug|Mixed Platforms = Debug|Mixed Platforms
		Debug|x86 = Debug|x86
		Release|Any CPU = Release|Any CPU
		Release|Mixed Platforms = Release|Mixed Platforms
		Release|x86 = Release|x86
	EndGlobalSection
	GlobalSection(ProjectConfigurationPlatforms) = postSolution
		{454716FC-7BDD-4EBC-8CEC-F9900FB5D69D}.Debug|Any CPU.ActiveCfg = Debug|x86
		{454716FC-7BDD-4EBC-8CEC-F9900FB5D69D}.Debug|Mixed Platforms.ActiveCfg = Debug|x86
		{454716FC-7BDD-4EBC-8CEC-F9900FB5D69D}.Debug|Mixed Platforms.Build.0 = Debug|x86
		{454716FC-7BDD-4EBC-8CEC-F9900FB5D69D}.Debug|x86.ActiveCfg = Debug|x86
		{454716FC-7BDD-4EBC-8CEC-F9900FB5D69D}.Debug|x86.Build.0 = Debug|x86
		{454716FC-7BDD-4EBC-8CEC-F9900FB5D69D}.Release|Any CPU.ActiveCfg = Release|x86
		{454716FC-7BDD-4EBC-8CEC-F9900FB5D69D}.Release|Mixed Platforms.ActiveCfg = Release|x86
		{454716FC-7BDD-4EBC-8CEC-F9900FB5D69D}.Release|Mixed Platforms.Build.0 = Release|x86
		{454716FC-7BDD-4EBC-8CEC-F9900FB5D69D}.Release|x86.ActiveCfg = Release|x86
		{454716FC-7BDD-4EBC-8CEC-F9900FB5D69D}.Release|x86.Build.0 = Release|x86
		{A4C5E594-7678-45ED-87BB-F7E37BDAA00E}.Debug|Any CPU.ActiveCfg = Debug|Any CPU
		{A4C5E594-7678-45ED-87BB-F7E37BDAA00E}.Debug|Any CPU.Build.0 = Debug|Any CPU
		{A4C5E594-7678-45ED-87BB-F7E37BDAA00E}.Debug|Mixed Platforms.ActiveCfg = Debug|Any CPU
		{A4C5E594-7678-45ED-87BB-F7E37BDAA00E}.Debug|Mixed Platforms.Build.0 = Debug|Any CPU
		{A4C5E594-7678-45ED-87BB-F7E37BDAA00E}.Debug|x86.ActiveCfg = Debug|Any CPU
		{A4C5E594-7678-45ED-87BB-F7E37BDAA00E}.Release|Any CPU.ActiveCfg = Release|Any CPU
		{A4C5E594-7678-45ED-87BB-F7E37BDAA00E}.Release|Any CPU.Build.0 = Release|Any CPU
		{A4C5E594-7678-45ED-87BB-F7E37BDAA00E}.Release|Mixed Platforms.ActiveCfg = Release|Any CPU
		{A4C5E594-7678-45ED-87BB-F7E37BDAA00E}.Release|Mixed Platforms.Build.0 = Release|Any CPU
		{A4C5E594-7678-45ED-87BB-F7E37BDAA00E}.Release|x86.ActiveCfg = Release|Any CPU
	EndGlobalSection
	GlobalSection(SolutionProperties) = preSolution
		HideSolutionNode = FALSE
	EndGlobalSection
EndGlobal
